
Microsoft Visual Studio Solution File, Format Version 12.00
# Visual Studio Version 16
VisualStudioVersion = 16.0.30517.126
MinimumVisualStudioVersion = 10.0.40219.1
Project("{8BC9CEB8-8B4A-11D0-8D11-00A0C91BC942}") = "IO", "IO\IO.vcxproj", "{910218DD-1C85-49C4-BF0B-81CA0BE1B4C2}"
EndProject
Project("{8BC9CEB8-8B4A-11D0-8D11-00A0C91BC942}") = "Engine", "Engine\Engine.vcxproj", "{1FA794F5-B7FB-431F-8221-77F21034D0D9}"
EndProject
Project("{8BC9CEB8-8B4A-11D0-8D11-00A0C91BC942}") = "imgui", "imgui\imgui.vcxproj", "{355FF34E-0933-40E2-B479-962B2C48CE13}"
EndProject
Project("{8BC9CEB8-8B4A-11D0-8D11-00A0C91BC942}") = "Scene", "Scene\Scene.vcxproj", "{EB9BA7FD-F347-4886-83BD-D119A929AA39}"
EndProject
Project("{8BC9CEB8-8B4A-11D0-8D11-00A0C91BC942}") = "GoldSrc-Renderer", "GoldSrc-Renderer\GoldSrc-Renderer.vcxproj", "{513C4028-20CE-4F65-AB41-1701CFBDB14E}"
EndProject
Project("{8BC9CEB8-8B4A-11D0-8D11-00A0C91BC942}") = "Common", "Common\Common.vcxproj", "{7F241464-4B6B-4226-AABC-869FC3A6473D}"
EndProject
Project("{2150E333-8FDC-42A3-9474-1A3956D46DE8}") = "Unit Tests", "Unit Tests", "{6AC53CF0-C9ED-43BC-B139-C78119CC740C}"
EndProject
Project("{8BC9CEB8-8B4A-11D0-8D11-00A0C91BC942}") = "Test_Lightmap", "Unit-tests\Test_Lightmap\Test_Lightmap.vcxproj", "{DF58233A-DF16-474B-B40C-5BF691768A13}"
EndProject
Project("{8BC9CEB8-8B4A-11D0-8D11-00A0C91BC942}") = "GUI", "GUI\GUI.vcxproj", "{261E72F5-C295-46FE-BA6B-1C0F741B6AB5}"
EndProject
Project("{8BC9CEB8-8B4A-11D0-8D11-00A0C91BC942}") = "Application", "Application\Application.vcxproj", "{6DA54335-FB5B-4ABF-BC32-EE03B73794B5}"
EndProject
Project("{8BC9CEB8-8B4A-11D0-8D11-00A0C91BC942}") = "Test_EnvironmentMap", "Unit-tests\Test_EnvironmentMap\Test_EnvironmentMap.vcxproj", "{74A882ED-ADE6-409E-9E99-1E3E29790DA6}"
EndProject
Project("{8BC9CEB8-8B4A-11D0-8D11-00A0C91BC942}") = "Test_ShadowMap", "Unit-tests\Test_ShadowMap\Test_ShadowMap.vcxproj", "{BA475F22-F6BC-4FE7-8B7E-5B498FF27A97}"
EndProject
Project("{8BC9CEB8-8B4A-11D0-8D11-00A0C91BC942}") = "Vulkan", "Vulkan\Vulkan.vcxproj", "{117A19EF-C976-4370-B795-B58C27EE4AB0}"
EndProject
Project("{8BC9CEB8-8B4A-11D0-8D11-00A0C91BC942}") = "Test_IO", "Unit-tests\Test_IO\Test_IO.vcxproj", "{FF7628D7-0ECD-4A94-B7D9-2B614EBAFE1B}"
EndProject
Project("{8BC9CEB8-8B4A-11D0-8D11-00A0C91BC942}") = "Test_SprRendering", "Unit-tests\Test_SprRendering\Test_SprRendering.vcxproj", "{44ED1403-9E9C-4B09-8DF2-22E1A2BDF710}"
EndProject
Project("{2150E333-8FDC-42A3-9474-1A3956D46DE8}") = "Lib", "Lib", "{1B306592-C7AE-4A27-BBA0-CFB9B7F9DFA7}"
EndProject
Project("{8BC9CEB8-8B4A-11D0-8D11-00A0C91BC942}") = "stb", "Lib\stb\stb.vcxproj", "{9E505423-95DE-4095-B96B-07B6024714AD}"
EndProject
Project("{8BC9CEB8-8B4A-11D0-8D11-00A0C91BC942}") = "Function", "Function\Function.vcxproj", "{E36EBE08-0944-4E1A-86D2-509A565A49A3}"
EndProject
Global
	GlobalSection(SolutionConfigurationPlatforms) = preSolution
		Debug|x64 = Debug|x64
		Debug|x86 = Debug|x86
		Release|x64 = Release|x64
		Release|x86 = Release|x86
	EndGlobalSection
	GlobalSection(ProjectConfigurationPlatforms) = postSolution
		{910218DD-1C85-49C4-BF0B-81CA0BE1B4C2}.Debug|x64.ActiveCfg = Debug|x64
		{910218DD-1C85-49C4-BF0B-81CA0BE1B4C2}.Debug|x64.Build.0 = Debug|x64
		{910218DD-1C85-49C4-BF0B-81CA0BE1B4C2}.Debug|x86.ActiveCfg = Debug|x64
		{910218DD-1C85-49C4-BF0B-81CA0BE1B4C2}.Release|x64.ActiveCfg = Release|x64
		{910218DD-1C85-49C4-BF0B-81CA0BE1B4C2}.Release|x64.Build.0 = Release|x64
		{910218DD-1C85-49C4-BF0B-81CA0BE1B4C2}.Release|x86.ActiveCfg = Release|x64
		{1FA794F5-B7FB-431F-8221-77F21034D0D9}.Debug|x64.ActiveCfg = Debug|x64
		{1FA794F5-B7FB-431F-8221-77F21034D0D9}.Debug|x64.Build.0 = Debug|x64
		{1FA794F5-B7FB-431F-8221-77F21034D0D9}.Debug|x86.ActiveCfg = Debug|x64
		{1FA794F5-B7FB-431F-8221-77F21034D0D9}.Release|x64.ActiveCfg = Release|x64
		{1FA794F5-B7FB-431F-8221-77F21034D0D9}.Release|x64.Build.0 = Release|x64
		{1FA794F5-B7FB-431F-8221-77F21034D0D9}.Release|x86.ActiveCfg = Release|x64
		{355FF34E-0933-40E2-B479-962B2C48CE13}.Debug|x64.ActiveCfg = Debug|x64
		{355FF34E-0933-40E2-B479-962B2C48CE13}.Debug|x64.Build.0 = Debug|x64
		{355FF34E-0933-40E2-B479-962B2C48CE13}.Debug|x86.ActiveCfg = Debug|x64
		{355FF34E-0933-40E2-B479-962B2C48CE13}.Release|x64.ActiveCfg = Release|x64
		{355FF34E-0933-40E2-B479-962B2C48CE13}.Release|x64.Build.0 = Release|x64
		{355FF34E-0933-40E2-B479-962B2C48CE13}.Release|x86.ActiveCfg = Release|x64
		{EB9BA7FD-F347-4886-83BD-D119A929AA39}.Debug|x64.ActiveCfg = Debug|x64
		{EB9BA7FD-F347-4886-83BD-D119A929AA39}.Debug|x64.Build.0 = Debug|x64
		{EB9BA7FD-F347-4886-83BD-D119A929AA39}.Debug|x86.ActiveCfg = Debug|x64
		{EB9BA7FD-F347-4886-83BD-D119A929AA39}.Release|x64.ActiveCfg = Release|x64
		{EB9BA7FD-F347-4886-83BD-D119A929AA39}.Release|x64.Build.0 = Release|x64
		{EB9BA7FD-F347-4886-83BD-D119A929AA39}.Release|x86.ActiveCfg = Release|x64
		{513C4028-20CE-4F65-AB41-1701CFBDB14E}.Debug|x64.ActiveCfg = Debug|x64
		{513C4028-20CE-4F65-AB41-1701CFBDB14E}.Debug|x64.Build.0 = Debug|x64
		{513C4028-20CE-4F65-AB41-1701CFBDB14E}.Debug|x86.ActiveCfg = Debug|x64
		{513C4028-20CE-4F65-AB41-1701CFBDB14E}.Release|x64.ActiveCfg = Release|x64
		{513C4028-20CE-4F65-AB41-1701CFBDB14E}.Release|x64.Build.0 = Release|x64
		{513C4028-20CE-4F65-AB41-1701CFBDB14E}.Release|x86.ActiveCfg = Release|x64
		{7F241464-4B6B-4226-AABC-869FC3A6473D}.Debug|x64.ActiveCfg = Debug|x64
		{7F241464-4B6B-4226-AABC-869FC3A6473D}.Debug|x64.Build.0 = Debug|x64
		{7F241464-4B6B-4226-AABC-869FC3A6473D}.Debug|x86.ActiveCfg = Debug|x64
		{7F241464-4B6B-4226-AABC-869FC3A6473D}.Release|x64.ActiveCfg = Release|x64
		{7F241464-4B6B-4226-AABC-869FC3A6473D}.Release|x64.Build.0 = Release|x64
		{7F241464-4B6B-4226-AABC-869FC3A6473D}.Release|x86.ActiveCfg = Release|x64
		{DF58233A-DF16-474B-B40C-5BF691768A13}.Debug|x64.ActiveCfg = Debug|x64
		{DF58233A-DF16-474B-B40C-5BF691768A13}.Debug|x64.Build.0 = Debug|x64
		{DF58233A-DF16-474B-B40C-5BF691768A13}.Debug|x86.ActiveCfg = Debug|x64
		{DF58233A-DF16-474B-B40C-5BF691768A13}.Release|x64.ActiveCfg = Release|x64
		{DF58233A-DF16-474B-B40C-5BF691768A13}.Release|x64.Build.0 = Release|x64
		{DF58233A-DF16-474B-B40C-5BF691768A13}.Release|x86.ActiveCfg = Release|x64
		{261E72F5-C295-46FE-BA6B-1C0F741B6AB5}.Debug|x64.ActiveCfg = Debug|x64
		{261E72F5-C295-46FE-BA6B-1C0F741B6AB5}.Debug|x64.Build.0 = Debug|x64
		{261E72F5-C295-46FE-BA6B-1C0F741B6AB5}.Debug|x86.ActiveCfg = Debug|x64
		{261E72F5-C295-46FE-BA6B-1C0F741B6AB5}.Release|x64.ActiveCfg = Release|x64
		{261E72F5-C295-46FE-BA6B-1C0F741B6AB5}.Release|x64.Build.0 = Release|x64
		{261E72F5-C295-46FE-BA6B-1C0F741B6AB5}.Release|x86.ActiveCfg = Release|x64
		{6DA54335-FB5B-4ABF-BC32-EE03B73794B5}.Debug|x64.ActiveCfg = Debug|x64
		{6DA54335-FB5B-4ABF-BC32-EE03B73794B5}.Debug|x64.Build.0 = Debug|x64
		{6DA54335-FB5B-4ABF-BC32-EE03B73794B5}.Debug|x86.ActiveCfg = Debug|x64
		{6DA54335-FB5B-4ABF-BC32-EE03B73794B5}.Release|x64.ActiveCfg = Release|x64
		{6DA54335-FB5B-4ABF-BC32-EE03B73794B5}.Release|x64.Build.0 = Release|x64
		{6DA54335-FB5B-4ABF-BC32-EE03B73794B5}.Release|x86.ActiveCfg = Release|x64
		{74A882ED-ADE6-409E-9E99-1E3E29790DA6}.Debug|x64.ActiveCfg = Debug|x64
		{74A882ED-ADE6-409E-9E99-1E3E29790DA6}.Debug|x64.Build.0 = Debug|x64
		{74A882ED-ADE6-409E-9E99-1E3E29790DA6}.Debug|x86.ActiveCfg = Debug|x64
		{74A882ED-ADE6-409E-9E99-1E3E29790DA6}.Release|x64.ActiveCfg = Release|x64
		{74A882ED-ADE6-409E-9E99-1E3E29790DA6}.Release|x64.Build.0 = Release|x64
		{74A882ED-ADE6-409E-9E99-1E3E29790DA6}.Release|x86.ActiveCfg = Release|x64
		{BA475F22-F6BC-4FE7-8B7E-5B498FF27A97}.Debug|x64.ActiveCfg = Debug|x64
		{BA475F22-F6BC-4FE7-8B7E-5B498FF27A97}.Debug|x64.Build.0 = Debug|x64
		{BA475F22-F6BC-4FE7-8B7E-5B498FF27A97}.Debug|x86.ActiveCfg = Debug|x64
		{BA475F22-F6BC-4FE7-8B7E-5B498FF27A97}.Release|x64.ActiveCfg = Release|x64
		{BA475F22-F6BC-4FE7-8B7E-5B498FF27A97}.Release|x64.Build.0 = Release|x64
		{BA475F22-F6BC-4FE7-8B7E-5B498FF27A97}.Release|x86.ActiveCfg = Release|x64
		{117A19EF-C976-4370-B795-B58C27EE4AB0}.Debug|x64.ActiveCfg = Debug|x64
		{117A19EF-C976-4370-B795-B58C27EE4AB0}.Debug|x64.Build.0 = Debug|x64
		{117A19EF-C976-4370-B795-B58C27EE4AB0}.Debug|x86.ActiveCfg = Debug|x64
		{117A19EF-C976-4370-B795-B58C27EE4AB0}.Release|x64.ActiveCfg = Release|x64
		{117A19EF-C976-4370-B795-B58C27EE4AB0}.Release|x64.Build.0 = Release|x64
		{117A19EF-C976-4370-B795-B58C27EE4AB0}.Release|x86.ActiveCfg = Release|x64
		{FF7628D7-0ECD-4A94-B7D9-2B614EBAFE1B}.Debug|x64.ActiveCfg = Debug|x64
		{FF7628D7-0ECD-4A94-B7D9-2B614EBAFE1B}.Debug|x64.Build.0 = Debug|x64
		{FF7628D7-0ECD-4A94-B7D9-2B614EBAFE1B}.Debug|x86.ActiveCfg = Debug|x64
		{FF7628D7-0ECD-4A94-B7D9-2B614EBAFE1B}.Release|x64.ActiveCfg = Release|x64
		{FF7628D7-0ECD-4A94-B7D9-2B614EBAFE1B}.Release|x64.Build.0 = Release|x64
		{FF7628D7-0ECD-4A94-B7D9-2B614EBAFE1B}.Release|x86.ActiveCfg = Release|x64
		{44ED1403-9E9C-4B09-8DF2-22E1A2BDF710}.Debug|x64.ActiveCfg = Debug|x64
		{44ED1403-9E9C-4B09-8DF2-22E1A2BDF710}.Debug|x64.Build.0 = Debug|x64
		{44ED1403-9E9C-4B09-8DF2-22E1A2BDF710}.Debug|x86.ActiveCfg = Debug|x64
		{44ED1403-9E9C-4B09-8DF2-22E1A2BDF710}.Release|x64.ActiveCfg = Release|x64
		{44ED1403-9E9C-4B09-8DF2-22E1A2BDF710}.Release|x64.Build.0 = Release|x64
		{44ED1403-9E9C-4B09-8DF2-22E1A2BDF710}.Release|x86.ActiveCfg = Release|x64
		{9E505423-95DE-4095-B96B-07B6024714AD}.Debug|x64.ActiveCfg = Debug|x64
		{9E505423-95DE-4095-B96B-07B6024714AD}.Debug|x64.Build.0 = Debug|x64
		{9E505423-95DE-4095-B96B-07B6024714AD}.Debug|x86.ActiveCfg = Debug|x64
		{9E505423-95DE-4095-B96B-07B6024714AD}.Release|x64.ActiveCfg = Release|x64
		{9E505423-95DE-4095-B96B-07B6024714AD}.Release|x64.Build.0 = Release|x64
		{9E505423-95DE-4095-B96B-07B6024714AD}.Release|x86.ActiveCfg = Release|x64
		{E36EBE08-0944-4E1A-86D2-509A565A49A3}.Debug|x64.ActiveCfg = Debug|x64
		{E36EBE08-0944-4E1A-86D2-509A565A49A3}.Debug|x64.Build.0 = Debug|x64
		{E36EBE08-0944-4E1A-86D2-509A565A49A3}.Debug|x86.ActiveCfg = Debug|Win32
		{E36EBE08-0944-4E1A-86D2-509A565A49A3}.Debug|x86.Build.0 = Debug|Win32
		{E36EBE08-0944-4E1A-86D2-509A565A49A3}.Release|x64.ActiveCfg = Release|x64
		{E36EBE08-0944-4E1A-86D2-509A565A49A3}.Release|x64.Build.0 = Release|x64
		{E36EBE08-0944-4E1A-86D2-509A565A49A3}.Release|x86.ActiveCfg = Release|Win32
		{E36EBE08-0944-4E1A-86D2-509A565A49A3}.Release|x86.Build.0 = Release|Win32
	EndGlobalSection
	GlobalSection(SolutionProperties) = preSolution
		HideSolutionNode = FALSE
	EndGlobalSection
	GlobalSection(NestedProjects) = preSolution
		{DF58233A-DF16-474B-B40C-5BF691768A13} = {6AC53CF0-C9ED-43BC-B139-C78119CC740C}
		{74A882ED-ADE6-409E-9E99-1E3E29790DA6} = {6AC53CF0-C9ED-43BC-B139-C78119CC740C}
		{BA475F22-F6BC-4FE7-8B7E-5B498FF27A97} = {6AC53CF0-C9ED-43BC-B139-C78119CC740C}
		{FF7628D7-0ECD-4A94-B7D9-2B614EBAFE1B} = {6AC53CF0-C9ED-43BC-B139-C78119CC740C}
		{44ED1403-9E9C-4B09-8DF2-22E1A2BDF710} = {6AC53CF0-C9ED-43BC-B139-C78119CC740C}
		{9E505423-95DE-4095-B96B-07B6024714AD} = {1B306592-C7AE-4A27-BBA0-CFB9B7F9DFA7}
	EndGlobalSection
	GlobalSection(ExtensibilityGlobals) = postSolution
		SolutionGuid = {8B46BA88-79F5-429F-9E71-8FF7423CA028}
	EndGlobalSection
EndGlobal
