<?xml version="1.0" encoding="utf-8"?>
<Project ToolsVersion="4.0" xmlns="http://schemas.microsoft.com/developer/msbuild/2003">
  <ItemGroup>
    <Filter Include="源文件">
      <UniqueIdentifier>{4FC737F1-C7A5-4376-A066-2A32D752A2FF}</UniqueIdentifier>
      <Extensions>cpp;c;cc;cxx;c++;cppm;ixx;def;odl;idl;hpj;bat;asm;asmx</Extensions>
    </Filter>
    <Filter Include="头文件">
      <UniqueIdentifier>{93995380-89BD-4b04-88EB-625FBE52EBFB}</UniqueIdentifier>
      <Extensions>h;hh;hpp;hxx;h++;hm;inl;inc;ipp;xsd</Extensions>
    </Filter>
    <Filter Include="头文件\Scene">
      <UniqueIdentifier>{ef39a3cd-c7d9-4d1f-a1ef-2d67ffab2630}</UniqueIdentifier>
    </Filter>
    <Filter Include="源文件\Scene">
      <UniqueIdentifier>{f10fa41c-b2e4-44d8-a890-7bf638015afb}</UniqueIdentifier>
    </Filter>
    <Filter Include="头文件\Physics">
      <UniqueIdentifier>{4b6c9131-3e51-4aaf-80c7-8b6d5f611c68}</UniqueIdentifier>
    </Filter>
    <Filter Include="源文件\Physics">
      <UniqueIdentifier>{105377ca-b5f6-437e-aa0a-8e3de60fe372}</UniqueIdentifier>
    </Filter>
    <Filter Include="头文件\Shader">
      <UniqueIdentifier>{40d316db-3a7f-4463-ac70-1bb2f188d79c}</UniqueIdentifier>
    </Filter>
    <Filter Include="源文件\Shader">
      <UniqueIdentifier>{4a42ddf8-2a75-46e4-a9b6-57936b7fd1a7}</UniqueIdentifier>
    </Filter>
    <Filter Include="头文件\Scene\Components">
      <UniqueIdentifier>{639e3b20-be0e-489c-8e23-8d437fddb0de}</UniqueIdentifier>
    </Filter>
    <Filter Include="源文件\Scene\Components">
      <UniqueIdentifier>{0c5073ed-c1f4-4c6c-ace9-fa36bcf30036}</UniqueIdentifier>
    </Filter>
    <Filter Include="头文件\RenderPassGraph">
      <UniqueIdentifier>{ba6332c5-c839-4109-87d5-05c39cf84d04}</UniqueIdentifier>
    </Filter>
    <Filter Include="源文件\RenderPassGraph">
      <UniqueIdentifier>{8b2a8219-3e1e-4cb7-89e8-6c0910dcf7d8}</UniqueIdentifier>
    </Filter>
    <Filter Include="头文件\RenderPass">
      <UniqueIdentifier>{1ee2328f-427b-4718-8ec7-b739e7330586}</UniqueIdentifier>
    </Filter>
    <Filter Include="源文件\RenderPass">
      <UniqueIdentifier>{eca989b4-ae9b-4d82-9036-f3748aa0141f}</UniqueIdentifier>
    </Filter>
    <Filter Include="头文件\Pipeline">
      <UniqueIdentifier>{184c81fb-e27e-4a7a-b45a-55ed73996a01}</UniqueIdentifier>
    </Filter>
    <Filter Include="源文件\Pipeline">
      <UniqueIdentifier>{586681ca-c765-4c95-8305-19392aad41c1}</UniqueIdentifier>
    </Filter>
  </ItemGroup>
  <ItemGroup>
    <ClCompile Include="Pipeline.cpp">
      <Filter>源文件</Filter>
    </ClCompile>
    <ClCompile Include="ShaderResourceDescriptor.cpp">
      <Filter>源文件</Filter>
    </ClCompile>
    <ClCompile Include="RenderPass.cpp">
      <Filter>源文件</Filter>
    </ClCompile>
    <ClCompile Include="SetupGLFW.cpp">
      <Filter>源文件</Filter>
    </ClCompile>
    <ClCompile Include="VertexAttributeDescriptor.cpp">
      <Filter>源文件</Filter>
    </ClCompile>
    <ClCompile Include="RenderPassPort.cpp">
      <Filter>源文件</Filter>
    </ClCompile>
    <ClCompile Include="Application.cpp">
      <Filter>源文件</Filter>
    </ClCompile>
    <ClCompile Include="Ticker.cpp">
      <Filter>源文件</Filter>
    </ClCompile>
    <ClCompile Include="Actor.cpp">
      <Filter>源文件\Scene</Filter>
    </ClCompile>
    <ClCompile Include="Camera.cpp">
      <Filter>源文件\Scene</Filter>
    </ClCompile>
    <ClCompile Include="Interactor.cpp">
      <Filter>源文件\Scene</Filter>
    </ClCompile>
    <ClCompile Include="PhysicsEngine.cpp">
      <Filter>源文件\Physics</Filter>
    </ClCompile>
    <ClCompile Include="PhysicsState.cpp">
      <Filter>源文件\Physics</Filter>
    </ClCompile>
    <ClCompile Include="Collider.cpp">
      <Filter>源文件\Physics</Filter>
    </ClCompile>
    <ClCompile Include="Rotator.cpp">
      <Filter>源文件\Scene</Filter>
    </ClCompile>
    <ClCompile Include="BasicMesh.cpp">
      <Filter>源文件\Scene</Filter>
    </ClCompile>
    <ClCompile Include="BoundingBox.cpp">
      <Filter>源文件\Scene</Filter>
    </ClCompile>
    <ClCompile Include="ShaderCompileCache.cpp">
      <Filter>源文件\Shader</Filter>
    </ClCompile>
    <ClCompile Include="ShaderCompiler.cpp">
      <Filter>源文件\Shader</Filter>
    </ClCompile>
    <ClCompile Include="ShaderErrorParser.cpp">
      <Filter>源文件\Shader</Filter>
    </ClCompile>
    <ClCompile Include="Transform.cpp">
      <Filter>源文件\Scene\Components</Filter>
    </ClCompile>
    <ClCompile Include="Mesh.cpp">
      <Filter>源文件\Scene</Filter>
    </ClCompile>
    <ClCompile Include="StaticResource.cpp">
      <Filter>源文件</Filter>
    </ClCompile>
    <ClCompile Include="IconManager.cpp">
      <Filter>源文件</Filter>
    </ClCompile>
    <ClCompile Include="Scene.cpp">
      <Filter>源文件\Scene</Filter>
    </ClCompile>
    <ClCompile Include="Font.cpp">
      <Filter>源文件</Filter>
    </ClCompile>
    <ClCompile Include="ImageUtils.cpp">
      <Filter>源文件</Filter>
    </ClCompile>
    <ClCompile Include="Maths.cpp">
      <Filter>源文件</Filter>
    </ClCompile>
    <ClCompile Include="ComponentTextRenderer.cpp">
      <Filter>源文件\Scene\Components</Filter>
    </ClCompile>
    <ClCompile Include="Component.cpp">
      <Filter>源文件\Scene\Components</Filter>
    </ClCompile>
    <ClCompile Include="RenderPassGraphUI.cpp">
      <Filter>源文件\RenderPassGraph</Filter>
    </ClCompile>
    <ClCompile Include="RenderPassGraphAddLinkState.cpp">
      <Filter>源文件\RenderPassGraph</Filter>
    </ClCompile>
    <ClCompile Include="SceneInfo.cpp">
      <Filter>源文件\Scene</Filter>
    </ClCompile>
    <ClCompile Include="RenderpassLib.cpp">
      <Filter>源文件\RenderPassGraph</Filter>
    </ClCompile>
    <ClCompile Include="PipelineDescriptor.cpp">
      <Filter>源文件</Filter>
    </ClCompile>
    <ClCompile Include="RenderPassGraphEditor.cpp">
      <Filter>源文件\RenderPassGraph</Filter>
    </ClCompile>
    <ClCompile Include="RenderPassGraphIO.cpp">
      <Filter>源文件\RenderPassGraph</Filter>
    </ClCompile>
    <ClCompile Include="CanvasDrawer.cpp">
      <Filter>源文件\RenderPassGraph</Filter>
    </ClCompile>
    <ClCompile Include="PassPresent.cpp">
      <Filter>源文件\RenderPass</Filter>
    </ClCompile>
    <ClCompile Include="PassGUI.cpp">
      <Filter>源文件\RenderPass</Filter>
    </ClCompile>
    <ClCompile Include="RenderPassGraphInstance.cpp">
      <Filter>源文件\RenderPassGraph</Filter>
    </ClCompile>
    <ClCompile Include="PassFullScreen.cpp">
      <Filter>源文件\RenderPass</Filter>
    </ClCompile>
    <ClCompile Include="PipelineBlit.cpp">
      <Filter>源文件\Pipeline</Filter>
    </ClCompile>
    <ClCompile Include="RenderInfoDescriptor.cpp">
      <Filter>源文件</Filter>
    </ClCompile>
  </ItemGroup>
  <ItemGroup>
    <ClInclude Include="Pipeline.h">
      <Filter>头文件</Filter>
    </ClInclude>
    <ClInclude Include="ShaderResourceDescriptor.h">
      <Filter>头文件</Filter>
    </ClInclude>
    <ClInclude Include="RenderPass.h">
      <Filter>头文件</Filter>
    </ClInclude>
    <ClInclude Include="SetupGLFW.h">
      <Filter>头文件</Filter>
    </ClInclude>
    <ClInclude Include="VertexAttributeDescriptor.h">
      <Filter>头文件</Filter>
    </ClInclude>
    <ClInclude Include="DrawableUI.h">
      <Filter>头文件</Filter>
    </ClInclude>
    <ClInclude Include="RenderPassPort.h">
      <Filter>头文件</Filter>
    </ClInclude>
    <ClInclude Include="Application.h">
      <Filter>头文件</Filter>
    </ClInclude>
    <ClInclude Include="Ticker.h">
      <Filter>头文件</Filter>
    </ClInclude>
    <ClInclude Include="Actor.h">
      <Filter>头文件\Scene</Filter>
    </ClInclude>
    <ClInclude Include="Camera.h">
      <Filter>头文件\Scene</Filter>
    </ClInclude>
    <ClInclude Include="Interactor.h">
      <Filter>头文件\Scene</Filter>
    </ClInclude>
    <ClInclude Include="Collider.h">
      <Filter>头文件\Physics</Filter>
    </ClInclude>
    <ClInclude Include="PhysicsEngine.h">
      <Filter>头文件\Physics</Filter>
    </ClInclude>
    <ClInclude Include="PhysicsState.h">
      <Filter>头文件\Physics</Filter>
    </ClInclude>
    <ClInclude Include="Rotator.h">
      <Filter>头文件\Scene</Filter>
    </ClInclude>
    <ClInclude Include="BasicMesh.h">
      <Filter>头文件\Scene</Filter>
    </ClInclude>
    <ClInclude Include="PipelineDescriptor.h">
      <Filter>头文件</Filter>
    </ClInclude>
    <ClInclude Include="Scene.h">
      <Filter>头文件\Scene</Filter>
    </ClInclude>
    <ClInclude Include="BoundingBox.h">
      <Filter>头文件\Scene</Filter>
    </ClInclude>
    <ClInclude Include="ShaderCompileCache.h">
      <Filter>头文件\Shader</Filter>
    </ClInclude>
    <ClInclude Include="ShaderCompiler.h">
      <Filter>头文件\Shader</Filter>
    </ClInclude>
    <ClInclude Include="ShaderErrorParser.h">
      <Filter>头文件\Shader</Filter>
    </ClInclude>
    <ClInclude Include="Component.h">
      <Filter>头文件\Scene\Components</Filter>
    </ClInclude>
    <ClInclude Include="Transform.h">
      <Filter>头文件\Scene\Components</Filter>
    </ClInclude>
    <ClInclude Include="Mesh.h">
      <Filter>头文件\Scene</Filter>
    </ClInclude>
    <ClInclude Include="ComponentMeshRenderer.h">
      <Filter>头文件\Scene\Components</Filter>
    </ClInclude>
    <ClInclude Include="StaticResource.h">
      <Filter>头文件</Filter>
    </ClInclude>
    <ClInclude Include="IconManager.h">
      <Filter>头文件</Filter>
    </ClInclude>
    <ClInclude Include="ComponentIconRenderer.h">
      <Filter>头文件\Scene\Components</Filter>
    </ClInclude>
    <ClInclude Include="Font.h">
      <Filter>头文件</Filter>
    </ClInclude>
    <ClInclude Include="ComponentTextRenderer.h">
      <Filter>头文件\Scene\Components</Filter>
    </ClInclude>
    <ClInclude Include="ImageUtils.h">
      <Filter>头文件</Filter>
    </ClInclude>
    <ClInclude Include="Maths.h">
      <Filter>头文件</Filter>
    </ClInclude>
    <ClInclude Include="TestUtils.h">
      <Filter>头文件</Filter>
    </ClInclude>
    <ClInclude Include="RerecordState.h">
      <Filter>头文件</Filter>
    </ClInclude>
    <ClInclude Include="Timer.h">
      <Filter>头文件</Filter>
    </ClInclude>
    <ClInclude Include="RenderPassGraph.h">
      <Filter>头文件\RenderPassGraph</Filter>
    </ClInclude>
    <ClInclude Include="RenderPassGraphEditor.h">
      <Filter>头文件\RenderPassGraph</Filter>
    </ClInclude>
    <ClInclude Include="RenderPassGraphUI.h">
      <Filter>头文件\RenderPassGraph</Filter>
    </ClInclude>
    <ClInclude Include="RenderPassGraphAddLinkState.h">
      <Filter>头文件\RenderPassGraph</Filter>
    </ClInclude>
    <ClInclude Include="SceneInfo.h">
      <Filter>头文件\Scene</Filter>
    </ClInclude>
    <ClInclude Include="RenderpassLib.h">
      <Filter>头文件\RenderPassGraph</Filter>
    </ClInclude>
    <ClInclude Include="RenderPassGraphIO.h">
      <Filter>头文件\RenderPassGraph</Filter>
    </ClInclude>
    <ClInclude Include="CanvasDrawer.h">
      <Filter>头文件\RenderPassGraph</Filter>
    </ClInclude>
    <ClInclude Include="RenderPassGraphInstance.h">
      <Filter>头文件\RenderPassGraph</Filter>
    </ClInclude>
    <ClInclude Include="PassGUI.h">
      <Filter>头文件\RenderPass</Filter>
    </ClInclude>
    <ClInclude Include="PassPresent.h">
      <Filter>头文件\RenderPass</Filter>
    </ClInclude>
    <ClInclude Include="PassFullScreen.h">
      <Filter>头文件\RenderPass</Filter>
    </ClInclude>
    <ClInclude Include="FullScreenPointData.h">
      <Filter>头文件\Pipeline</Filter>
    </ClInclude>
    <ClInclude Include="PipelineBlit.h">
      <Filter>头文件\Pipeline</Filter>
    </ClInclude>
    <ClInclude Include="RenderInfoDescriptor.h">
      <Filter>头文件</Filter>
    </ClInclude>
  </ItemGroup>
</Project>