<?xml version="1.0" encoding="utf-8"?>
<Project ToolsVersion="4.0" xmlns="http://schemas.microsoft.com/developer/msbuild/2003">
  <ItemGroup>
    <Filter Include="源文件">
      <UniqueIdentifier>{4FC737F1-C7A5-4376-A066-2A32D752A2FF}</UniqueIdentifier>
      <Extensions>cpp;c;cc;cxx;c++;cppm;ixx;def;odl;idl;hpj;bat;asm;asmx</Extensions>
    </Filter>
    <Filter Include="头文件">
      <UniqueIdentifier>{93995380-89BD-4b04-88EB-625FBE52EBFB}</UniqueIdentifier>
      <Extensions>h;hh;hpp;hxx;h++;hm;inl;inc;ipp;xsd</Extensions>
    </Filter>
    <Filter Include="资源文件">
      <UniqueIdentifier>{67DA6AB6-F800-4c08-8B7A-83BB121AAD01}</UniqueIdentifier>
      <Extensions>rc;ico;cur;bmp;dlg;rc2;rct;bin;rgs;gif;jpg;jpeg;jpe;resx;tiff;tif;png;wav;mfcribbon-ms</Extensions>
    </Filter>
    <Filter Include="源文件\Pipeline">
      <UniqueIdentifier>{1f5a51fb-9e66-4c84-96b5-f52fcacfcc53}</UniqueIdentifier>
    </Filter>
    <Filter Include="头文件\Pipeline">
      <UniqueIdentifier>{b13500cf-d416-4d12-8b98-ada45626ea6d}</UniqueIdentifier>
    </Filter>
    <Filter Include="头文件\RenderPass">
      <UniqueIdentifier>{92ce53ab-468e-4aa1-afeb-a69772ec2b10}</UniqueIdentifier>
    </Filter>
    <Filter Include="源文件\RenderPass">
      <UniqueIdentifier>{bbbb4495-fb7b-4504-8213-03987ae03429}</UniqueIdentifier>
    </Filter>
    <Filter Include="源文件\Gui">
      <UniqueIdentifier>{df4c598f-3d30-4888-8ffc-694197a9598b}</UniqueIdentifier>
    </Filter>
    <Filter Include="头文件\Gui">
      <UniqueIdentifier>{ac74e681-1aa0-442b-be8e-e7bb9f1a122e}</UniqueIdentifier>
    </Filter>
  </ItemGroup>
  <ItemGroup>
    <ClCompile Include="main.cpp">
      <Filter>源文件</Filter>
    </ClCompile>
    <ClCompile Include="ApplicationGoldSrc.cpp">
      <Filter>源文件</Filter>
    </ClCompile>
    <ClCompile Include="GuiAlert.cpp">
      <Filter>源文件\Gui</Filter>
    </ClCompile>
    <ClCompile Include="GuiFGD.cpp">
      <Filter>源文件\Gui</Filter>
    </ClCompile>
    <ClCompile Include="GuiFrameRate.cpp">
      <Filter>源文件\Gui</Filter>
    </ClCompile>
    <ClCompile Include="GuiLog.cpp">
      <Filter>源文件\Gui</Filter>
    </ClCompile>
    <ClCompile Include="GuiMain.cpp">
      <Filter>源文件\Gui</Filter>
    </ClCompile>
    <ClCompile Include="GuiRenderer.cpp">
      <Filter>源文件\Gui</Filter>
    </ClCompile>
    <ClCompile Include="GuiTextureViewer.cpp">
      <Filter>源文件\Gui</Filter>
    </ClCompile>
    <ClCompile Include="PipelineSimple.cpp">
      <Filter>源文件\Pipeline</Filter>
    </ClCompile>
    <ClCompile Include="PassSimple.cpp">
      <Filter>源文件\RenderPass</Filter>
    </ClCompile>
    <ClCompile Include="PassGoldSrc.cpp">
      <Filter>源文件\RenderPass</Filter>
    </ClCompile>
    <ClCompile Include="SceneProbe.cpp">
      <Filter>源文件</Filter>
    </ClCompile>
    <ClCompile Include="GuiRequestPopupModal.cpp">
      <Filter>源文件\Gui</Filter>
    </ClCompile>
    <ClCompile Include="PassOutlineMask.cpp">
      <Filter>源文件\RenderPass</Filter>
    </ClCompile>
    <ClCompile Include="PassOutlineEdge.cpp">
      <Filter>源文件\RenderPass</Filter>
    </ClCompile>
    <ClCompile Include="PipelineGoldSrc.cpp">
      <Filter>源文件\Pipeline</Filter>
    </ClCompile>
    <ClCompile Include="PipelineOutlineMask.cpp">
      <Filter>源文件\Pipeline</Filter>
    </ClCompile>
    <ClCompile Include="PipelineOutlineEdge.cpp">
      <Filter>源文件\Pipeline</Filter>
    </ClCompile>
  </ItemGroup>
  <ItemGroup>
    <ClInclude Include="ApplicationGoldSrc.h">
      <Filter>头文件</Filter>
    </ClInclude>
    <ClInclude Include="PointData.h">
      <Filter>头文件</Filter>
    </ClInclude>
    <ClInclude Include="GuiAlert.h">
      <Filter>头文件\Gui</Filter>
    </ClInclude>
    <ClInclude Include="GuiFGD.h">
      <Filter>头文件\Gui</Filter>
    </ClInclude>
    <ClInclude Include="GuiFrameRate.h">
      <Filter>头文件\Gui</Filter>
    </ClInclude>
    <ClInclude Include="GuiLog.h">
      <Filter>头文件\Gui</Filter>
    </ClInclude>
    <ClInclude Include="GuiMain.h">
      <Filter>头文件\Gui</Filter>
    </ClInclude>
    <ClInclude Include="GuiRenderer.h">
      <Filter>头文件\Gui</Filter>
    </ClInclude>
    <ClInclude Include="GuiTextureViewer.h">
      <Filter>头文件\Gui</Filter>
    </ClInclude>
    <ClInclude Include="PipelineBlendAdditive.h">
      <Filter>头文件\Pipeline</Filter>
    </ClInclude>
    <ClInclude Include="PipelineBlendAlpha.h">
      <Filter>头文件\Pipeline</Filter>
    </ClInclude>
    <ClInclude Include="PipelineBlendAlphaTest.h">
      <Filter>头文件\Pipeline</Filter>
    </ClInclude>
    <ClInclude Include="PipelineNormal.h">
      <Filter>头文件\Pipeline</Filter>
    </ClInclude>
    <ClInclude Include="PipelineSimple.h">
      <Filter>头文件\Pipeline</Filter>
    </ClInclude>
    <ClInclude Include="PassGoldSrc.h">
      <Filter>头文件\RenderPass</Filter>
    </ClInclude>
    <ClInclude Include="PassSimple.h">
      <Filter>头文件\RenderPass</Filter>
    </ClInclude>
    <ClInclude Include="SceneProbe.h">
      <Filter>头文件</Filter>
    </ClInclude>
    <ClInclude Include="GuiRequestPopupModal.h">
      <Filter>头文件\Gui</Filter>
    </ClInclude>
    <ClInclude Include="PipelineGoldSrc.h">
      <Filter>头文件\Pipeline</Filter>
    </ClInclude>
    <ClInclude Include="PipelineOutlineEdge.h">
      <Filter>头文件\Pipeline</Filter>
    </ClInclude>
    <ClInclude Include="PipelineOutlineMask.h">
      <Filter>头文件\Pipeline</Filter>
    </ClInclude>
    <ClInclude Include="PassOutlineEdge.h">
      <Filter>头文件\RenderPass</Filter>
    </ClInclude>
    <ClInclude Include="PassOutlineMask.h">
      <Filter>头文件\RenderPass</Filter>
    </ClInclude>
  </ItemGroup>
  <ItemGroup>
    <None Include="shaders\goldSrcNormalShader.vert">
      <Filter>资源文件</Filter>
    </None>
    <None Include="shaders\simpleShader.frag">
      <Filter>资源文件</Filter>
    </None>
    <None Include="shaders\simpleShader.vert">
      <Filter>资源文件</Filter>
    </None>
    <None Include="shaders\skyShader.frag">
      <Filter>资源文件</Filter>
    </None>
    <None Include="shaders\skyShader.vert">
      <Filter>资源文件</Filter>
    </None>
    <None Include="shaders\sprShader.frag">
      <Filter>资源文件</Filter>
    </None>
    <None Include="shaders\sprShader.vert">
      <Filter>资源文件</Filter>
    </None>
    <None Include="shaders\alphaTestShader.frag">
      <Filter>资源文件</Filter>
    </None>
    <None Include="shaders\alphaTestShader.vert">
      <Filter>资源文件</Filter>
    </None>
    <None Include="shaders\goldSrcNormalShader.frag">
      <Filter>资源文件</Filter>
    </None>
    <None Include="shaders\outlineEdgeShader.frag">
      <Filter>资源文件</Filter>
    </None>
    <None Include="shaders\outlineEdgeShader.vert">
      <Filter>资源文件</Filter>
    </None>
    <None Include="shaders\outlineMaskShader.frag">
      <Filter>资源文件</Filter>
    </None>
    <None Include="shaders\outlineMaskShader.vert">
      <Filter>资源文件</Filter>
    </None>
    <None Include="shaders\fullScreen.vert">
      <Filter>资源文件</Filter>
    </None>
    <None Include="shaders\bloomBrightFilter.frag">
      <Filter>资源文件</Filter>
    </None>
  </ItemGroup>
</Project>